
Microsoft Visual Studio Solution File, Format Version 12.00
# Visual Studio Version 17
VisualStudioVersion = 17.14.36804.6 d17.14
MinimumVisualStudioVersion = 10.0.40219.1
Project("{FAE04EC0-301F-11D3-BF4B-00C04F79EFBC}") = "IzinTakip.Api", "IzinTakip.Api.csproj", "{0D0006CC-CBF4-4846-A606-142F14DCA81A}"
EndProject
Global
	GlobalSection(SolutionConfigurationPlatforms) = preSolution
		Debug|Any CPU = Debug|Any CPU
		Release|Any CPU = Release|Any CPU
	EndGlobalSection
	GlobalSection(ProjectConfigurationPlatforms) = postSolution
		{0D0006CC-CBF4-4846-A606-142F14DCA81A}.Debug|Any CPU.ActiveCfg = Debug|Any CPU
		{0D0006CC-CBF4-4846-A606-142F14DCA81A}.Debug|Any CPU.Build.0 = Debug|Any CPU
		{0D0006CC-CBF4-4846-A606-142F14DCA81A}.Release|Any CPU.ActiveCfg = Release|Any CPU
		{0D0006CC-CBF4-4846-A606-142F14DCA81A}.Release|Any CPU.Build.0 = Release|Any CPU
	EndGlobalSection
	GlobalSection(SolutionProperties) = preSolution
		HideSolutionNode = FALSE
	EndGlobalSection
	GlobalSection(ExtensibilityGlobals) = postSolution
		SolutionGuid = {F98B8A41-7BFB-4551-890C-CD9B64F13426}
	EndGlobalSection
EndGlobal
